# THIS IS AN AUTOGENERATED FILE. DO NOT EDIT THIS FILE DIRECTLY.
# yarn lockfile v1


bootstrap-datepicker@^1.8.0:
  version "1.8.0"
  resolved "https://registry.yarnpkg.com/bootstrap-datepicker/-/bootstrap-datepicker-1.8.0.tgz#c63513931e6f09f16ae9f11b62f32d950df3958e"
  integrity sha512-213St/G8KT3mjs4qu4qwww74KWysMaIeqgq5OhrboZjIjemIpyuxlSo9FNNI5+KzpkkxkRRba+oewiRGV42B1A==
  dependencies:
    jquery ">=1.7.1 <4.0.0"

bootstrap-daterangepicker@^3.0.3:
  version "3.0.3"
  resolved "https://registry.yarnpkg.com/bootstrap-daterangepicker/-/bootstrap-daterangepicker-3.0.3.tgz#670c638dc124a15a95ddf0440af34d1acee7cffc"
  integrity sha512-RJ0iOpVornF/6bf+L1jzPr95MoPM7zp3MILtNZ7ADu5RZFoMznHD4GbPu3URkPhcPABA2RqMnhk/CvO7iyNBtw==
  dependencies:
    jquery ">=1.10"
    moment "^2.9.0"

bootstrap-table@^1.14.1:
  version "1.14.1"
  resolved "https://registry.yarnpkg.com/bootstrap-table/-/bootstrap-table-1.14.1.tgz#7d2776de93879eb331c8e6e85f0cd0dd468eea7f"
  integrity sha512-diNd5SBiVX5TKvr0rB4y2I9JLarqJ1sp0Jt8hS/uHSpYJJ4qMdRCrSwcrI875/k+BYuvWF21fIceDhtaZnpBWw==

bootstrap-validator@^0.11.9:
  version "0.11.9"
  resolved "https://registry.yarnpkg.com/bootstrap-validator/-/bootstrap-validator-0.11.9.tgz#fb7058eef53623e78f5aa7967026f98f875a9404"
  integrity sha1-+3BY7vU2I+ePWqeWcCb5j4dalAQ=

bootstrap@^4.3.1:
  version "4.3.1"
  resolved "https://registry.yarnpkg.com/bootstrap/-/bootstrap-4.3.1.tgz#280ca8f610504d99d7b6b4bfc4b68cec601704ac"
  integrity sha512-rXqOmH1VilAt2DyPzluTi2blhk17bO7ef+zLLPlWvG494pDxcM234pJ8wTc/6R40UWizAIIMgxjvxZg5kmsbag==

clipboard@^2.0.4:
  version "2.0.4"
  resolved "https://registry.yarnpkg.com/clipboard/-/clipboard-2.0.4.tgz#836dafd66cf0fea5d71ce5d5b0bf6e958009112d"
  integrity sha512-Vw26VSLRpJfBofiVaFb/I8PVfdI1OxKcYShe6fm0sP/DtmiWQNCjhM/okTvdCo0G+lMMm1rMYbk4IK4x1X+kgQ==
  dependencies:
    good-listener "^1.2.2"
    select "^1.1.2"
    tiny-emitter "^2.0.0"

delegate@^3.1.2:
  version "3.2.0"
  resolved "https://registry.yarnpkg.com/delegate/-/delegate-3.2.0.tgz#b66b71c3158522e8ab5744f720d8ca0c2af59166"
  integrity sha512-IofjkYBZaZivn0V8nnsMJGBr4jVLxHDheKSW88PyxS5QC4Vo9ZbZVvhzlSxY87fVq3STR6r+4cGepyHkcWOQSw==

good-listener@^1.2.2:
  version "1.2.2"
  resolved "https://registry.yarnpkg.com/good-listener/-/good-listener-1.2.2.tgz#d53b30cdf9313dffb7dc9a0d477096aa6d145c50"
  integrity sha1-1TswzfkxPf+33JoNR3CWqm0UXFA=
  dependencies:
    delegate "^3.1.2"

jquery@>=1.10, "jquery@>=1.7.1 <4.0.0":
  version "3.3.1"
  resolved "https://registry.yarnpkg.com/jquery/-/jquery-3.3.1.tgz#958ce29e81c9790f31be7792df5d4d95fc57fbca"
  integrity sha512-Ubldcmxp5np52/ENotGxlLe6aGMvmF4R8S6tZjsP6Knsaxd/xp3Zrh50cG93lR6nPXyUFwzN3ZSOQI0wRJNdGg==

lightbox2@^2.10.0:
  version "2.10.0"
  resolved "https://registry.yarnpkg.com/lightbox2/-/lightbox2-2.10.0.tgz#06b3f7b7bd7c1332c20d037602d9657542fd7de4"
  integrity sha1-BrP3t718EzLCDQN2AtlldUL9feQ=

moment@^2.24.0, moment@^2.9.0:
  version "2.24.0"
  resolved "https://registry.yarnpkg.com/moment/-/moment-2.24.0.tgz#0d055d53f5052aa653c9f6eb68bb5d12bf5c2b5b"
  integrity sha512-bV7f+6l2QigeBBZSM/6yTNq4P2fNpSWj/0e7jQcy87A8e7o2nAfP/34/2ky5Vw4B9S446EtIhodAzkFCcR4dQg==

nouislider@^13.1.1:
  version "13.1.1"
  resolved "https://registry.yarnpkg.com/nouislider/-/nouislider-13.1.1.tgz#fc6b38de65385579774887468bee00b138447854"
  integrity sha512-PYXfMYYZA2F7QzMSEANocyIr8OgeMBrQBCre5wHsZiyha0DSrt9i5weEV2oWaJDYnG2qDKb6GwmKAkczqTzvAQ==

select@^1.1.2:
  version "1.1.2"
  resolved "https://registry.yarnpkg.com/select/-/select-1.1.2.tgz#0e7350acdec80b1108528786ec1d4418d11b396d"
  integrity sha1-DnNQrN7ICxEIUoeG7B1EGNEbOW0=

sprintf-js@^1.0.3:
  version "1.1.2"
  resolved "https://registry.yarnpkg.com/sprintf-js/-/sprintf-js-1.1.2.tgz#da1765262bf8c0f571749f2ad6c26300207ae673"
  integrity sha512-VE0SOVEHCk7Qc8ulkWw3ntAzXuqf7S2lvwQaDLRnUeIEaKNQJzV6BwmLKhOqT61aGhfUMrXeaBk+oDGCzvhcug==

sweetalert2@^8.3.0:
  version "8.3.0"
  resolved "https://registry.yarnpkg.com/sweetalert2/-/sweetalert2-8.3.0.tgz#ebbcd3438a1249c8f75615955273f5a22675cf6c"
  integrity sha512-HpZVbAxAyh03N5uzNs2e4gpVaaPyZYtBctyAZP8jUrF8Es9e3uvWFsO9I0m8DnlY4771dYIIeUDvlkwhdcKacA==

tiny-emitter@^2.0.0:
  version "2.1.0"
  resolved "https://registry.yarnpkg.com/tiny-emitter/-/tiny-emitter-2.1.0.tgz#1d1a56edfc51c43e863cbb5382a72330e3555423"
  integrity sha512-NB6Dk1A9xgQPMoGqC5CVXn123gWyte215ONT5Pp5a0yt4nlEoO1ZWeCwpncaekPHXO60i47ihFnZPiRPjRMq4Q==

underscore.string@^3.3.5:
  version "3.3.5"
  resolved "https://registry.yarnpkg.com/underscore.string/-/underscore.string-3.3.5.tgz#fc2ad255b8bd309e239cbc5816fd23a9b7ea4023"
  integrity sha512-g+dpmgn+XBneLmXXo+sGlW5xQEt4ErkS3mgeN2GFbremYeMBSJKr9Wf2KJplQVaiPY/f7FN6atosWYNm9ovrYg==
  dependencies:
    sprintf-js "^1.0.3"
    util-deprecate "^1.0.2"

util-deprecate@^1.0.2:
  version "1.0.2"
  resolved "https://registry.yarnpkg.com/util-deprecate/-/util-deprecate-1.0.2.tgz#450d4dc9fa70de732762fbd2d4a28981419a0ccf"
  integrity sha1-RQ1Nyfpw3nMnYvvS1KKJgUGaDM8=
